
Microsoft Visual Studio Solution File, Format Version 12.00
# Visual Studio Version 17
VisualStudioVersion = 17.0.32002.185
MinimumVisualStudioVersion = 10.0.40219.1
Project("{9A19103F-16F7-4668-BE54-9A1E7A4F7556}") = "SecureDNSClient", "SecureDNSClient\SecureDNSClient.csproj", "{08CA0243-CDF3-46F1-ACBD-1B4F9585C460}"
	ProjectSection(ProjectDependencies) = postProject
		{5C28D441-E382-4DB3-A45C-0A34FA0ABC79} = {5C28D441-E382-4DB3-A45C-0A34FA0ABC79}
	EndProjectSection
EndProject
Project("{9A19103F-16F7-4668-BE54-9A1E7A4F7556}") = "SecureDNSClientPortable", "SecureDNSClientPortable\SecureDNSClientPortable.csproj", "{5C28D441-E382-4DB3-A45C-0A34FA0ABC79}"
EndProject
Project("{9A19103F-16F7-4668-BE54-9A1E7A4F7556}") = "MsmhToolsClass", "MsmhToolsClass\MsmhToolsClass.csproj", "{3FCBF4E2-4039-4140-BA71-8D27CB76536B}"
EndProject
Project("{9A19103F-16F7-4668-BE54-9A1E7A4F7556}") = "MsmhToolsWinFormsClass", "MsmhToolsWinFormsClass\MsmhToolsWinFormsClass.csproj", "{47B32391-1B42-406E-8EB4-D9A405C800D2}"
EndProject
Project("{9A19103F-16F7-4668-BE54-9A1E7A4F7556}") = "SDCAgnosticServer", "SDCAgnosticServer\SDCAgnosticServer.csproj", "{646985B3-37AD-4B4B-94FA-3C0A4BE5E2DC}"
EndProject
Project("{9A19103F-16F7-4668-BE54-9A1E7A4F7556}") = "SdcUninstaller", "SdcUninstaller\SdcUninstaller.csproj", "{5C5D9D6A-3A8A-48C1-8CDE-9DCE5A3D3218}"
EndProject
Project("{9A19103F-16F7-4668-BE54-9A1E7A4F7556}") = "ConsoleAppTest", "ConsoleAppTest\ConsoleAppTest.csproj", "{8BD77B3E-2850-4607-98B9-1E7D2A830C4A}"
EndProject
Project("{9A19103F-16F7-4668-BE54-9A1E7A4F7556}") = "SDCLookup", "SDCLookup\SDCLookup.csproj", "{403B796D-A365-48A8-9695-349548CEAE1B}"
EndProject
Project("{9A19103F-16F7-4668-BE54-9A1E7A4F7556}") = "CypherRSA", "CypherRSA\CypherRSA.csproj", "{C2F38E2D-0CF6-4A84-B16E-96E3BBBCFB2A}"
EndProject
Global
	GlobalSection(SolutionConfigurationPlatforms) = preSolution
		All|Any CPU = All|Any CPU
		All|x64 = All|x64
		All|x86 = All|x86
		Debug|Any CPU = Debug|Any CPU
		Debug|x64 = Debug|x64
		Debug|x86 = Debug|x86
		Release|Any CPU = Release|Any CPU
		Release|x64 = Release|x64
		Release|x86 = Release|x86
	EndGlobalSection
	GlobalSection(ProjectConfigurationPlatforms) = postSolution
		{08CA0243-CDF3-46F1-ACBD-1B4F9585C460}.All|Any CPU.ActiveCfg = Debug|Any CPU
		{08CA0243-CDF3-46F1-ACBD-1B4F9585C460}.All|Any CPU.Build.0 = Debug|Any CPU
		{08CA0243-CDF3-46F1-ACBD-1B4F9585C460}.All|x64.ActiveCfg = Debug|x64
		{08CA0243-CDF3-46F1-ACBD-1B4F9585C460}.All|x64.Build.0 = Debug|x64
		{08CA0243-CDF3-46F1-ACBD-1B4F9585C460}.All|x86.ActiveCfg = Debug|x86
		{08CA0243-CDF3-46F1-ACBD-1B4F9585C460}.All|x86.Build.0 = Debug|x86
		{08CA0243-CDF3-46F1-ACBD-1B4F9585C460}.Debug|Any CPU.ActiveCfg = Debug|Any CPU
		{08CA0243-CDF3-46F1-ACBD-1B4F9585C460}.Debug|Any CPU.Build.0 = Debug|Any CPU
		{08CA0243-CDF3-46F1-ACBD-1B4F9585C460}.Debug|x64.ActiveCfg = Debug|x64
		{08CA0243-CDF3-46F1-ACBD-1B4F9585C460}.Debug|x64.Build.0 = Debug|x64
		{08CA0243-CDF3-46F1-ACBD-1B4F9585C460}.Debug|x86.ActiveCfg = Debug|x86
		{08CA0243-CDF3-46F1-ACBD-1B4F9585C460}.Debug|x86.Build.0 = Debug|x86
		{08CA0243-CDF3-46F1-ACBD-1B4F9585C460}.Release|Any CPU.ActiveCfg = Release|Any CPU
		{08CA0243-CDF3-46F1-ACBD-1B4F9585C460}.Release|Any CPU.Build.0 = Release|Any CPU
		{08CA0243-CDF3-46F1-ACBD-1B4F9585C460}.Release|x64.ActiveCfg = Release|x64
		{08CA0243-CDF3-46F1-ACBD-1B4F9585C460}.Release|x64.Build.0 = Release|x64
		{08CA0243-CDF3-46F1-ACBD-1B4F9585C460}.Release|x86.ActiveCfg = Release|x86
		{08CA0243-CDF3-46F1-ACBD-1B4F9585C460}.Release|x86.Build.0 = Release|x86
		{5C28D441-E382-4DB3-A45C-0A34FA0ABC79}.All|Any CPU.ActiveCfg = Debug|Any CPU
		{5C28D441-E382-4DB3-A45C-0A34FA0ABC79}.All|Any CPU.Build.0 = Debug|Any CPU
		{5C28D441-E382-4DB3-A45C-0A34FA0ABC79}.All|x64.ActiveCfg = Debug|x64
		{5C28D441-E382-4DB3-A45C-0A34FA0ABC79}.All|x64.Build.0 = Debug|x64
		{5C28D441-E382-4DB3-A45C-0A34FA0ABC79}.All|x86.ActiveCfg = Debug|x86
		{5C28D441-E382-4DB3-A45C-0A34FA0ABC79}.All|x86.Build.0 = Debug|x86
		{5C28D441-E382-4DB3-A45C-0A34FA0ABC79}.Debug|Any CPU.ActiveCfg = Debug|Any CPU
		{5C28D441-E382-4DB3-A45C-0A34FA0ABC79}.Debug|Any CPU.Build.0 = Debug|Any CPU
		{5C28D441-E382-4DB3-A45C-0A34FA0ABC79}.Debug|x64.ActiveCfg = Debug|x64
		{5C28D441-E382-4DB3-A45C-0A34FA0ABC79}.Debug|x64.Build.0 = Debug|x64
		{5C28D441-E382-4DB3-A45C-0A34FA0ABC79}.Debug|x86.ActiveCfg = Debug|x86
		{5C28D441-E382-4DB3-A45C-0A34FA0ABC79}.Debug|x86.Build.0 = Debug|x86
		{5C28D441-E382-4DB3-A45C-0A34FA0ABC79}.Release|Any CPU.ActiveCfg = Release|Any CPU
		{5C28D441-E382-4DB3-A45C-0A34FA0ABC79}.Release|Any CPU.Build.0 = Release|Any CPU
		{5C28D441-E382-4DB3-A45C-0A34FA0ABC79}.Release|x64.ActiveCfg = Release|x64
		{5C28D441-E382-4DB3-A45C-0A34FA0ABC79}.Release|x64.Build.0 = Release|x64
		{5C28D441-E382-4DB3-A45C-0A34FA0ABC79}.Release|x86.ActiveCfg = Release|x86
		{5C28D441-E382-4DB3-A45C-0A34FA0ABC79}.Release|x86.Build.0 = Release|x86
		{3FCBF4E2-4039-4140-BA71-8D27CB76536B}.All|Any CPU.ActiveCfg = Debug|Any CPU
		{3FCBF4E2-4039-4140-BA71-8D27CB76536B}.All|Any CPU.Build.0 = Debug|Any CPU
		{3FCBF4E2-4039-4140-BA71-8D27CB76536B}.All|x64.ActiveCfg = Debug|x64
		{3FCBF4E2-4039-4140-BA71-8D27CB76536B}.All|x64.Build.0 = Debug|x64
		{3FCBF4E2-4039-4140-BA71-8D27CB76536B}.All|x86.ActiveCfg = Debug|x86
		{3FCBF4E2-4039-4140-BA71-8D27CB76536B}.All|x86.Build.0 = Debug|x86
		{3FCBF4E2-4039-4140-BA71-8D27CB76536B}.Debug|Any CPU.ActiveCfg = Debug|Any CPU
		{3FCBF4E2-4039-4140-BA71-8D27CB76536B}.Debug|Any CPU.Build.0 = Debug|Any CPU
		{3FCBF4E2-4039-4140-BA71-8D27CB76536B}.Debug|x64.ActiveCfg = Debug|x64
		{3FCBF4E2-4039-4140-BA71-8D27CB76536B}.Debug|x64.Build.0 = Debug|x64
		{3FCBF4E2-4039-4140-BA71-8D27CB76536B}.Debug|x86.ActiveCfg = Debug|x86
		{3FCBF4E2-4039-4140-BA71-8D27CB76536B}.Debug|x86.Build.0 = Debug|x86
		{3FCBF4E2-4039-4140-BA71-8D27CB76536B}.Release|Any CPU.ActiveCfg = Release|Any CPU
		{3FCBF4E2-4039-4140-BA71-8D27CB76536B}.Release|Any CPU.Build.0 = Release|Any CPU
		{3FCBF4E2-4039-4140-BA71-8D27CB76536B}.Release|x64.ActiveCfg = Release|x64
		{3FCBF4E2-4039-4140-BA71-8D27CB76536B}.Release|x64.Build.0 = Release|x64
		{3FCBF4E2-4039-4140-BA71-8D27CB76536B}.Release|x86.ActiveCfg = Release|x86
		{3FCBF4E2-4039-4140-BA71-8D27CB76536B}.Release|x86.Build.0 = Release|x86
		{47B32391-1B42-406E-8EB4-D9A405C800D2}.All|Any CPU.ActiveCfg = Debug|Any CPU
		{47B32391-1B42-406E-8EB4-D9A405C800D2}.All|Any CPU.Build.0 = Debug|Any CPU
		{47B32391-1B42-406E-8EB4-D9A405C800D2}.All|x64.ActiveCfg = Debug|x64
		{47B32391-1B42-406E-8EB4-D9A405C800D2}.All|x64.Build.0 = Debug|x64
		{47B32391-1B42-406E-8EB4-D9A405C800D2}.All|x86.ActiveCfg = Debug|x86
		{47B32391-1B42-406E-8EB4-D9A405C800D2}.All|x86.Build.0 = Debug|x86
		{47B32391-1B42-406E-8EB4-D9A405C800D2}.Debug|Any CPU.ActiveCfg = Debug|Any CPU
		{47B32391-1B42-406E-8EB4-D9A405C800D2}.Debug|Any CPU.Build.0 = Debug|Any CPU
		{47B32391-1B42-406E-8EB4-D9A405C800D2}.Debug|x64.ActiveCfg = Debug|x64
		{47B32391-1B42-406E-8EB4-D9A405C800D2}.Debug|x64.Build.0 = Debug|x64
		{47B32391-1B42-406E-8EB4-D9A405C800D2}.Debug|x86.ActiveCfg = Debug|x86
		{47B32391-1B42-406E-8EB4-D9A405C800D2}.Debug|x86.Build.0 = Debug|x86
		{47B32391-1B42-406E-8EB4-D9A405C800D2}.Release|Any CPU.ActiveCfg = Release|Any CPU
		{47B32391-1B42-406E-8EB4-D9A405C800D2}.Release|Any CPU.Build.0 = Release|Any CPU
		{47B32391-1B42-406E-8EB4-D9A405C800D2}.Release|x64.ActiveCfg = Release|x64
		{47B32391-1B42-406E-8EB4-D9A405C800D2}.Release|x64.Build.0 = Release|x64
		{47B32391-1B42-406E-8EB4-D9A405C800D2}.Release|x86.ActiveCfg = Release|x86
		{47B32391-1B42-406E-8EB4-D9A405C800D2}.Release|x86.Build.0 = Release|x86
		{646985B3-37AD-4B4B-94FA-3C0A4BE5E2DC}.All|Any CPU.ActiveCfg = Debug|Any CPU
		{646985B3-37AD-4B4B-94FA-3C0A4BE5E2DC}.All|Any CPU.Build.0 = Debug|Any CPU
		{646985B3-37AD-4B4B-94FA-3C0A4BE5E2DC}.All|x64.ActiveCfg = Debug|x64
		{646985B3-37AD-4B4B-94FA-3C0A4BE5E2DC}.All|x64.Build.0 = Debug|x64
		{646985B3-37AD-4B4B-94FA-3C0A4BE5E2DC}.All|x86.ActiveCfg = Debug|x86
		{646985B3-37AD-4B4B-94FA-3C0A4BE5E2DC}.All|x86.Build.0 = Debug|x86
		{646985B3-37AD-4B4B-94FA-3C0A4BE5E2DC}.Debug|Any CPU.ActiveCfg = Debug|Any CPU
		{646985B3-37AD-4B4B-94FA-3C0A4BE5E2DC}.Debug|Any CPU.Build.0 = Debug|Any CPU
		{646985B3-37AD-4B4B-94FA-3C0A4BE5E2DC}.Debug|x64.ActiveCfg = Debug|x64
		{646985B3-37AD-4B4B-94FA-3C0A4BE5E2DC}.Debug|x64.Build.0 = Debug|x64
		{646985B3-37AD-4B4B-94FA-3C0A4BE5E2DC}.Debug|x86.ActiveCfg = Debug|x86
		{646985B3-37AD-4B4B-94FA-3C0A4BE5E2DC}.Debug|x86.Build.0 = Debug|x86
		{646985B3-37AD-4B4B-94FA-3C0A4BE5E2DC}.Release|Any CPU.ActiveCfg = Release|Any CPU
		{646985B3-37AD-4B4B-94FA-3C0A4BE5E2DC}.Release|Any CPU.Build.0 = Release|Any CPU
		{646985B3-37AD-4B4B-94FA-3C0A4BE5E2DC}.Release|x64.ActiveCfg = Release|x64
		{646985B3-37AD-4B4B-94FA-3C0A4BE5E2DC}.Release|x64.Build.0 = Release|x64
		{646985B3-37AD-4B4B-94FA-3C0A4BE5E2DC}.Release|x86.ActiveCfg = Release|x86
		{646985B3-37AD-4B4B-94FA-3C0A4BE5E2DC}.Release|x86.Build.0 = Release|x86
		{5C5D9D6A-3A8A-48C1-8CDE-9DCE5A3D3218}.All|Any CPU.ActiveCfg = Debug|Any CPU
		{5C5D9D6A-3A8A-48C1-8CDE-9DCE5A3D3218}.All|Any CPU.Build.0 = Debug|Any CPU
		{5C5D9D6A-3A8A-48C1-8CDE-9DCE5A3D3218}.All|x64.ActiveCfg = Debug|x64
		{5C5D9D6A-3A8A-48C1-8CDE-9DCE5A3D3218}.All|x64.Build.0 = Debug|x64
		{5C5D9D6A-3A8A-48C1-8CDE-9DCE5A3D3218}.All|x86.ActiveCfg = Debug|x86
		{5C5D9D6A-3A8A-48C1-8CDE-9DCE5A3D3218}.All|x86.Build.0 = Debug|x86
		{5C5D9D6A-3A8A-48C1-8CDE-9DCE5A3D3218}.Debug|Any CPU.ActiveCfg = Debug|Any CPU
		{5C5D9D6A-3A8A-48C1-8CDE-9DCE5A3D3218}.Debug|Any CPU.Build.0 = Debug|Any CPU
		{5C5D9D6A-3A8A-48C1-8CDE-9DCE5A3D3218}.Debug|x64.ActiveCfg = Debug|x64
		{5C5D9D6A-3A8A-48C1-8CDE-9DCE5A3D3218}.Debug|x64.Build.0 = Debug|x64
		{5C5D9D6A-3A8A-48C1-8CDE-9DCE5A3D3218}.Debug|x86.ActiveCfg = Debug|x86
		{5C5D9D6A-3A8A-48C1-8CDE-9DCE5A3D3218}.Debug|x86.Build.0 = Debug|x86
		{5C5D9D6A-3A8A-48C1-8CDE-9DCE5A3D3218}.Release|Any CPU.ActiveCfg = Release|Any CPU
		{5C5D9D6A-3A8A-48C1-8CDE-9DCE5A3D3218}.Release|Any CPU.Build.0 = Release|Any CPU
		{5C5D9D6A-3A8A-48C1-8CDE-9DCE5A3D3218}.Release|x64.ActiveCfg = Release|x64
		{5C5D9D6A-3A8A-48C1-8CDE-9DCE5A3D3218}.Release|x64.Build.0 = Release|x64
		{5C5D9D6A-3A8A-48C1-8CDE-9DCE5A3D3218}.Release|x86.ActiveCfg = Release|x86
		{5C5D9D6A-3A8A-48C1-8CDE-9DCE5A3D3218}.Release|x86.Build.0 = Release|x86
		{8BD77B3E-2850-4607-98B9-1E7D2A830C4A}.All|Any CPU.ActiveCfg = Debug|Any CPU
		{8BD77B3E-2850-4607-98B9-1E7D2A830C4A}.All|Any CPU.Build.0 = Debug|Any CPU
		{8BD77B3E-2850-4607-98B9-1E7D2A830C4A}.All|x64.ActiveCfg = Debug|x64
		{8BD77B3E-2850-4607-98B9-1E7D2A830C4A}.All|x64.Build.0 = Debug|x64
		{8BD77B3E-2850-4607-98B9-1E7D2A830C4A}.All|x86.ActiveCfg = Debug|x86
		{8BD77B3E-2850-4607-98B9-1E7D2A830C4A}.All|x86.Build.0 = Debug|x86
		{8BD77B3E-2850-4607-98B9-1E7D2A830C4A}.Debug|Any CPU.ActiveCfg = Debug|Any CPU
		{8BD77B3E-2850-4607-98B9-1E7D2A830C4A}.Debug|Any CPU.Build.0 = Debug|Any CPU
		{8BD77B3E-2850-4607-98B9-1E7D2A830C4A}.Debug|x64.ActiveCfg = Debug|x64
		{8BD77B3E-2850-4607-98B9-1E7D2A830C4A}.Debug|x64.Build.0 = Debug|x64
		{8BD77B3E-2850-4607-98B9-1E7D2A830C4A}.Debug|x86.ActiveCfg = Debug|x86
		{8BD77B3E-2850-4607-98B9-1E7D2A830C4A}.Debug|x86.Build.0 = Debug|x86
		{8BD77B3E-2850-4607-98B9-1E7D2A830C4A}.Release|Any CPU.ActiveCfg = Release|Any CPU
		{8BD77B3E-2850-4607-98B9-1E7D2A830C4A}.Release|Any CPU.Build.0 = Release|Any CPU
		{8BD77B3E-2850-4607-98B9-1E7D2A830C4A}.Release|x64.ActiveCfg = Release|x64
		{8BD77B3E-2850-4607-98B9-1E7D2A830C4A}.Release|x64.Build.0 = Release|x64
		{8BD77B3E-2850-4607-98B9-1E7D2A830C4A}.Release|x86.ActiveCfg = Release|x86
		{8BD77B3E-2850-4607-98B9-1E7D2A830C4A}.Release|x86.Build.0 = Release|x86
		{403B796D-A365-48A8-9695-349548CEAE1B}.All|Any CPU.ActiveCfg = Debug|Any CPU
		{403B796D-A365-48A8-9695-349548CEAE1B}.All|Any CPU.Build.0 = Debug|Any CPU
		{403B796D-A365-48A8-9695-349548CEAE1B}.All|x64.ActiveCfg = Debug|x64
		{403B796D-A365-48A8-9695-349548CEAE1B}.All|x64.Build.0 = Debug|x64
		{403B796D-A365-48A8-9695-349548CEAE1B}.All|x86.ActiveCfg = Debug|x86
		{403B796D-A365-48A8-9695-349548CEAE1B}.All|x86.Build.0 = Debug|x86
		{403B796D-A365-48A8-9695-349548CEAE1B}.Debug|Any CPU.ActiveCfg = Debug|Any CPU
		{403B796D-A365-48A8-9695-349548CEAE1B}.Debug|Any CPU.Build.0 = Debug|Any CPU
		{403B796D-A365-48A8-9695-349548CEAE1B}.Debug|x64.ActiveCfg = Debug|x64
		{403B796D-A365-48A8-9695-349548CEAE1B}.Debug|x64.Build.0 = Debug|x64
		{403B796D-A365-48A8-9695-349548CEAE1B}.Debug|x86.ActiveCfg = Debug|x86
		{403B796D-A365-48A8-9695-349548CEAE1B}.Debug|x86.Build.0 = Debug|x86
		{403B796D-A365-48A8-9695-349548CEAE1B}.Release|Any CPU.ActiveCfg = Release|Any CPU
		{403B796D-A365-48A8-9695-349548CEAE1B}.Release|Any CPU.Build.0 = Release|Any CPU
		{403B796D-A365-48A8-9695-349548CEAE1B}.Release|x64.ActiveCfg = Release|x64
		{403B796D-A365-48A8-9695-349548CEAE1B}.Release|x64.Build.0 = Release|x64
		{403B796D-A365-48A8-9695-349548CEAE1B}.Release|x86.ActiveCfg = Release|x86
		{403B796D-A365-48A8-9695-349548CEAE1B}.Release|x86.Build.0 = Release|x86
		{C2F38E2D-0CF6-4A84-B16E-96E3BBBCFB2A}.All|Any CPU.ActiveCfg = Debug|Any CPU
		{C2F38E2D-0CF6-4A84-B16E-96E3BBBCFB2A}.All|Any CPU.Build.0 = Debug|Any CPU
		{C2F38E2D-0CF6-4A84-B16E-96E3BBBCFB2A}.All|x64.ActiveCfg = Debug|x64
		{C2F38E2D-0CF6-4A84-B16E-96E3BBBCFB2A}.All|x64.Build.0 = Debug|x64
		{C2F38E2D-0CF6-4A84-B16E-96E3BBBCFB2A}.All|x86.ActiveCfg = Debug|x86
		{C2F38E2D-0CF6-4A84-B16E-96E3BBBCFB2A}.All|x86.Build.0 = Debug|x86
		{C2F38E2D-0CF6-4A84-B16E-96E3BBBCFB2A}.Debug|Any CPU.ActiveCfg = Debug|Any CPU
		{C2F38E2D-0CF6-4A84-B16E-96E3BBBCFB2A}.Debug|Any CPU.Build.0 = Debug|Any CPU
		{C2F38E2D-0CF6-4A84-B16E-96E3BBBCFB2A}.Debug|x64.ActiveCfg = Debug|x64
		{C2F38E2D-0CF6-4A84-B16E-96E3BBBCFB2A}.Debug|x64.Build.0 = Debug|x64
		{C2F38E2D-0CF6-4A84-B16E-96E3BBBCFB2A}.Debug|x86.ActiveCfg = Debug|x86
		{C2F38E2D-0CF6-4A84-B16E-96E3BBBCFB2A}.Debug|x86.Build.0 = Debug|x86
		{C2F38E2D-0CF6-4A84-B16E-96E3BBBCFB2A}.Release|Any CPU.ActiveCfg = Release|Any CPU
		{C2F38E2D-0CF6-4A84-B16E-96E3BBBCFB2A}.Release|Any CPU.Build.0 = Release|Any CPU
		{C2F38E2D-0CF6-4A84-B16E-96E3BBBCFB2A}.Release|x64.ActiveCfg = Release|x64
		{C2F38E2D-0CF6-4A84-B16E-96E3BBBCFB2A}.Release|x64.Build.0 = Release|x64
		{C2F38E2D-0CF6-4A84-B16E-96E3BBBCFB2A}.Release|x86.ActiveCfg = Release|x86
		{C2F38E2D-0CF6-4A84-B16E-96E3BBBCFB2A}.Release|x86.Build.0 = Release|x86
	EndGlobalSection
	GlobalSection(SolutionProperties) = preSolution
		HideSolutionNode = FALSE
	EndGlobalSection
	GlobalSection(ExtensibilityGlobals) = postSolution
		SolutionGuid = {10964E60-1A46-4678-AF35-31FDBD50F2A5}
	EndGlobalSection
EndGlobal
